
Microsoft Visual Studio Solution File, Format Version 12.00
# Visual Studio Version 17
VisualStudioVersion = 17.9.34728.123
MinimumVisualStudioVersion = 10.0.40219.1
Project("{FAE04EC0-301F-11D3-BF4B-00C04F79EFBC}") = "SellingUsedThings", "SellingUsedThings\SellingUsedThings.csproj", "{5214F0D5-7FB7-43C5-B246-9B03263461F6}"
EndProject
Global
	GlobalSection(SolutionConfigurationPlatforms) = preSolution
		Debug|Any CPU = Debug|Any CPU
		Release|Any CPU = Release|Any CPU
	EndGlobalSection
	GlobalSection(ProjectConfigurationPlatforms) = postSolution
		{5214F0D5-7FB7-43C5-B246-9B03263461F6}.Debug|Any CPU.ActiveCfg = Debug|Any CPU
		{5214F0D5-7FB7-43C5-B246-9B03263461F6}.Debug|Any CPU.Build.0 = Debug|Any CPU
		{5214F0D5-7FB7-43C5-B246-9B03263461F6}.Release|Any CPU.ActiveCfg = Release|Any CPU
		{5214F0D5-7FB7-43C5-B246-9B03263461F6}.Release|Any CPU.Build.0 = Release|Any CPU
	EndGlobalSection
	GlobalSection(SolutionProperties) = preSolution
		HideSolutionNode = FALSE
	EndGlobalSection
	GlobalSection(ExtensibilityGlobals) = postSolution
		SolutionGuid = {22B17A68-FA8B-4011-9FB0-EE90534F460E}
	EndGlobalSection
EndGlobal
